
Microsoft Visual Studio Solution File, Format Version 12.00
# Visual Studio Version 16
VisualStudioVersion = 16.0.31605.320
MinimumVisualStudioVersion = 10.0.40219.1
Project("{888888A0-9F3D-457C-B088-3A5042F75D52}") = "AI Assignment 1 (Rubik Cube)", "AI Assignment 1 (Rubik Cube)\AI Assignment 1 (Rubik Cube).pyproj", "{2A76095F-CDD2-4CB2-BC1C-6A7EF8E84714}"
EndProject
Global
	GlobalSection(SolutionConfigurationPlatforms) = preSolution
		Debug|Any CPU = Debug|Any CPU
		Release|Any CPU = Release|Any CPU
	EndGlobalSection
	GlobalSection(ProjectConfigurationPlatforms) = postSolution
		{2A76095F-CDD2-4CB2-BC1C-6A7EF8E84714}.Debug|Any CPU.ActiveCfg = Debug|Any CPU
		{2A76095F-CDD2-4CB2-BC1C-6A7EF8E84714}.Release|Any CPU.ActiveCfg = Release|Any CPU
	EndGlobalSection
	GlobalSection(SolutionProperties) = preSolution
		HideSolutionNode = FALSE
	EndGlobalSection
	GlobalSection(ExtensibilityGlobals) = postSolution
		SolutionGuid = {BF499589-FD74-4439-B4B6-3F10F921377B}
	EndGlobalSection
EndGlobal
